
Microsoft Visual Studio Solution File, Format Version 12.00
# Visual Studio 15
Project("{FAE04EC0-301F-11D3-BF4B-00C04F79EFBC}") = "TestApplication.Android", "TestApplication.Android\TestApplication.Android.csproj", "{145F5FDE-D6F3-4ED8-BC50-4DEC595CA813}"
EndProject
Project("{FAE04EC0-301F-11D3-BF4B-00C04F79EFBC}") = "TestApplication.iOS", "TestApplication.iOS\TestApplication.iOS.csproj", "{FD4004E5-C295-4FB3-9F86-35C8E35C29EA}"
EndProject
Project("{FAE04EC0-301F-11D3-BF4B-00C04F79EFBC}") = "TestApplication", "TestApplication\TestApplication.csproj", "{B6FA30C2-EB84-49FD-91EB-66407549A81B}"
EndProject
Global
	GlobalSection(SolutionConfigurationPlatforms) = preSolution
		Debug|Any CPU = Debug|Any CPU
		Release|Any CPU = Release|Any CPU
		Debug|iPhoneSimulator = Debug|iPhoneSimulator
		Release|iPhoneSimulator = Release|iPhoneSimulator
		Debug|iPhone = Debug|iPhone
		Release|iPhone = Release|iPhone
	EndGlobalSection
	GlobalSection(ProjectConfigurationPlatforms) = postSolution
		{145F5FDE-D6F3-4ED8-BC50-4DEC595CA813}.Debug|Any CPU.ActiveCfg = Debug|Any CPU
		{145F5FDE-D6F3-4ED8-BC50-4DEC595CA813}.Debug|Any CPU.Build.0 = Debug|Any CPU
		{145F5FDE-D6F3-4ED8-BC50-4DEC595CA813}.Release|Any CPU.ActiveCfg = Release|Any CPU
		{145F5FDE-D6F3-4ED8-BC50-4DEC595CA813}.Release|Any CPU.Build.0 = Release|Any CPU
		{145F5FDE-D6F3-4ED8-BC50-4DEC595CA813}.Debug|iPhoneSimulator.ActiveCfg = Debug|Any CPU
		{145F5FDE-D6F3-4ED8-BC50-4DEC595CA813}.Debug|iPhoneSimulator.Build.0 = Debug|Any CPU
		{145F5FDE-D6F3-4ED8-BC50-4DEC595CA813}.Release|iPhoneSimulator.ActiveCfg = Release|Any CPU
		{145F5FDE-D6F3-4ED8-BC50-4DEC595CA813}.Release|iPhoneSimulator.Build.0 = Release|Any CPU
		{145F5FDE-D6F3-4ED8-BC50-4DEC595CA813}.Debug|iPhone.ActiveCfg = Debug|Any CPU
		{145F5FDE-D6F3-4ED8-BC50-4DEC595CA813}.Debug|iPhone.Build.0 = Debug|Any CPU
		{145F5FDE-D6F3-4ED8-BC50-4DEC595CA813}.Release|iPhone.ActiveCfg = Release|Any CPU
		{145F5FDE-D6F3-4ED8-BC50-4DEC595CA813}.Release|iPhone.Build.0 = Release|Any CPU
		{FD4004E5-C295-4FB3-9F86-35C8E35C29EA}.Debug|Any CPU.ActiveCfg = Debug|iPhoneSimulator
		{FD4004E5-C295-4FB3-9F86-35C8E35C29EA}.Debug|Any CPU.Build.0 = Debug|iPhoneSimulator
		{FD4004E5-C295-4FB3-9F86-35C8E35C29EA}.Release|Any CPU.ActiveCfg = Release|iPhoneSimulator
		{FD4004E5-C295-4FB3-9F86-35C8E35C29EA}.Release|Any CPU.Build.0 = Release|iPhoneSimulator
		{FD4004E5-C295-4FB3-9F86-35C8E35C29EA}.Debug|iPhoneSimulator.ActiveCfg = Debug|iPhoneSimulator
		{FD4004E5-C295-4FB3-9F86-35C8E35C29EA}.Debug|iPhoneSimulator.Build.0 = Debug|iPhoneSimulator
		{FD4004E5-C295-4FB3-9F86-35C8E35C29EA}.Release|iPhoneSimulator.ActiveCfg = Release|iPhoneSimulator
		{FD4004E5-C295-4FB3-9F86-35C8E35C29EA}.Release|iPhoneSimulator.Build.0 = Release|iPhoneSimulator
		{FD4004E5-C295-4FB3-9F86-35C8E35C29EA}.Debug|iPhone.ActiveCfg = Debug|iPhone
		{FD4004E5-C295-4FB3-9F86-35C8E35C29EA}.Debug|iPhone.Build.0 = Debug|iPhone
		{FD4004E5-C295-4FB3-9F86-35C8E35C29EA}.Release|iPhone.ActiveCfg = Release|iPhone
		{FD4004E5-C295-4FB3-9F86-35C8E35C29EA}.Release|iPhone.Build.0 = Release|iPhone
		{B6FA30C2-EB84-49FD-91EB-66407549A81B}.Debug|Any CPU.ActiveCfg = Debug|Any CPU
		{B6FA30C2-EB84-49FD-91EB-66407549A81B}.Debug|Any CPU.Build.0 = Debug|Any CPU
		{B6FA30C2-EB84-49FD-91EB-66407549A81B}.Release|Any CPU.ActiveCfg = Release|Any CPU
		{B6FA30C2-EB84-49FD-91EB-66407549A81B}.Release|Any CPU.Build.0 = Release|Any CPU
		{B6FA30C2-EB84-49FD-91EB-66407549A81B}.Debug|iPhoneSimulator.ActiveCfg = Debug|Any CPU
		{B6FA30C2-EB84-49FD-91EB-66407549A81B}.Debug|iPhoneSimulator.Build.0 = Debug|Any CPU
		{B6FA30C2-EB84-49FD-91EB-66407549A81B}.Release|iPhoneSimulator.ActiveCfg = Release|Any CPU
		{B6FA30C2-EB84-49FD-91EB-66407549A81B}.Release|iPhoneSimulator.Build.0 = Release|Any CPU
		{B6FA30C2-EB84-49FD-91EB-66407549A81B}.Debug|iPhone.ActiveCfg = Debug|Any CPU
		{B6FA30C2-EB84-49FD-91EB-66407549A81B}.Debug|iPhone.Build.0 = Debug|Any CPU
		{B6FA30C2-EB84-49FD-91EB-66407549A81B}.Release|iPhone.ActiveCfg = Release|Any CPU
		{B6FA30C2-EB84-49FD-91EB-66407549A81B}.Release|iPhone.Build.0 = Release|Any CPU
	EndGlobalSection
EndGlobal
